
Microsoft Visual Studio Solution File, Format Version 12.00
# Visual Studio 15
Project("{FAE04EC0-301F-11D3-BF4B-00C04F79EFBC}") = "VirtualStudent", "VirtualStudent\VirtualStudent.csproj", "{DB3B02F5-D4CE-45F9-81A2-CCE812E7D85A}"
EndProject
Global
	GlobalSection(SolutionConfigurationPlatforms) = preSolution
		Debug|Any CPU = Debug|Any CPU
		Release|Any CPU = Release|Any CPU
	EndGlobalSection
	GlobalSection(ProjectConfigurationPlatforms) = postSolution
		{DB3B02F5-D4CE-45F9-81A2-CCE812E7D85A}.Debug|Any CPU.ActiveCfg = Debug|Any CPU
		{DB3B02F5-D4CE-45F9-81A2-CCE812E7D85A}.Debug|Any CPU.Build.0 = Debug|Any CPU
		{DB3B02F5-D4CE-45F9-81A2-CCE812E7D85A}.Release|Any CPU.ActiveCfg = Release|Any CPU
		{DB3B02F5-D4CE-45F9-81A2-CCE812E7D85A}.Release|Any CPU.Build.0 = Release|Any CPU
	EndGlobalSection
EndGlobal
